// !$*UTF8*$!
{
	archiveVersion = 1;
	classes = {
	};
	objectVersion = 48;
	objects = {

/* Begin PBXBuildFile section */
		0A2D96FC1F9180A100CABA8E /* RequestListCell.swift in Sources */ = {isa = PBXBuildFile; fileRef = 0A2D96FB1F9180A100CABA8E /* RequestListCell.swift */; };
		0A2D96FE1F91818F00CABA8E /* RequestNotifCell.swift in Sources */ = {isa = PBXBuildFile; fileRef = 0A2D96FD1F91818F00CABA8E /* RequestNotifCell.swift */; };
		0A2D97001F9181B500CABA8E /* RequestHeaderCell.swift in Sources */ = {isa = PBXBuildFile; fileRef = 0A2D96FF1F9181B500CABA8E /* RequestHeaderCell.swift */; };
		0A2D97021F91880600CABA8E /* NotifController.swift in Sources */ = {isa = PBXBuildFile; fileRef = 0A2D97011F91880600CABA8E /* NotifController.swift */; };
		0A2D97051F91913300CABA8E /* PaddingTextField.swift in Sources */ = {isa = PBXBuildFile; fileRef = 0A2D97041F91913300CABA8E /* PaddingTextField.swift */; };
		0A8A6B3D1F906B9F006BEA35 /* AppDelegate.swift in Sources */ = {isa = PBXBuildFile; fileRef = 0A8A6B3C1F906B9F006BEA35 /* AppDelegate.swift */; };
		0A8A6B441F906B9F006BEA35 /* Main.storyboard in Resources */ = {isa = PBXBuildFile; fileRef = 0A8A6B421F906B9F006BEA35 /* Main.storyboard */; };
		0A8A6B461F906B9F006BEA35 /* Assets.xcassets in Resources */ = {isa = PBXBuildFile; fileRef = 0A8A6B451F906B9F006BEA35 /* Assets.xcassets */; };
		0A8A6B491F906B9F006BEA35 /* LaunchScreen.storyboard in Resources */ = {isa = PBXBuildFile; fileRef = 0A8A6B471F906B9F006BEA35 /* LaunchScreen.storyboard */; };
		0A8A6B581F906E5A006BEA35 /* BaseController.swift in Sources */ = {isa = PBXBuildFile; fileRef = 0A8A6B531F906E59006BEA35 /* BaseController.swift */; };
		0A8A6B591F906E5A006BEA35 /* MakeReqController.swift in Sources */ = {isa = PBXBuildFile; fileRef = 0A8A6B541F906E5A006BEA35 /* MakeReqController.swift */; };
		0A8A6B5A1F906E5A006BEA35 /* ProfileController.swift in Sources */ = {isa = PBXBuildFile; fileRef = 0A8A6B551F906E5A006BEA35 /* ProfileController.swift */; };
		0A8A6B5B1F906E5A006BEA35 /* MapController.swift in Sources */ = {isa = PBXBuildFile; fileRef = 0A8A6B561F906E5A006BEA35 /* MapController.swift */; };
		0A8A6B5C1F906E5A006BEA35 /* RequestsListController.swift in Sources */ = {isa = PBXBuildFile; fileRef = 0A8A6B571F906E5A006BEA35 /* RequestsListController.swift */; };
		7B5EECEB2489660CADB16240 /* Pods_resQ.framework in Frameworks */ = {isa = PBXBuildFile; fileRef = F3E40F4E82F90CDF375CF319 /* Pods_resQ.framework */; };
/* End PBXBuildFile section */

/* Begin PBXFileReference section */
		0A2D96FB1F9180A100CABA8E /* RequestListCell.swift */ = {isa = PBXFileReference; lastKnownFileType = sourcecode.swift; path = RequestListCell.swift; sourceTree = "<group>"; };
		0A2D96FD1F91818F00CABA8E /* RequestNotifCell.swift */ = {isa = PBXFileReference; lastKnownFileType = sourcecode.swift; path = RequestNotifCell.swift; sourceTree = "<group>"; };
		0A2D96FF1F9181B500CABA8E /* RequestHeaderCell.swift */ = {isa = PBXFileReference; lastKnownFileType = sourcecode.swift; path = RequestHeaderCell.swift; sourceTree = "<group>"; };
		0A2D97011F91880600CABA8E /* NotifController.swift */ = {isa = PBXFileReference; lastKnownFileType = sourcecode.swift; path = NotifController.swift; sourceTree = "<group>"; };
		0A2D97041F91913300CABA8E /* PaddingTextField.swift */ = {isa = PBXFileReference; lastKnownFileType = sourcecode.swift; path = PaddingTextField.swift; sourceTree = "<group>"; };
		0A8A6B391F906B9F006BEA35 /* resQ.app */ = {isa = PBXFileReference; explicitFileType = wrapper.application; includeInIndex = 0; path = resQ.app; sourceTree = BUILT_PRODUCTS_DIR; };
		0A8A6B3C1F906B9F006BEA35 /* AppDelegate.swift */ = {isa = PBXFileReference; lastKnownFileType = sourcecode.swift; path = AppDelegate.swift; sourceTree = "<group>"; };
		0A8A6B431F906B9F006BEA35 /* Base */ = {isa = PBXFileReference; lastKnownFileType = file.storyboard; name = Base; path = Base.lproj/Main.storyboard; sourceTree = "<group>"; };
		0A8A6B451F906B9F006BEA35 /* Assets.xcassets */ = {isa = PBXFileReference; lastKnownFileType = folder.assetcatalog; path = Assets.xcassets; sourceTree = "<group>"; };
		0A8A6B481F906B9F006BEA35 /* Base */ = {isa = PBXFileReference; lastKnownFileType = file.storyboard; name = Base; path = Base.lproj/LaunchScreen.storyboard; sourceTree = "<group>"; };
		0A8A6B4A1F906B9F006BEA35 /* Info.plist */ = {isa = PBXFileReference; lastKnownFileType = text.plist.xml; path = Info.plist; sourceTree = "<group>"; };
		0A8A6B531F906E59006BEA35 /* BaseController.swift */ = {isa = PBXFileReference; fileEncoding = 4; lastKnownFileType = sourcecode.swift; path = BaseController.swift; sourceTree = "<group>"; };
		0A8A6B541F906E5A006BEA35 /* MakeReqController.swift */ = {isa = PBXFileReference; fileEncoding = 4; lastKnownFileType = sourcecode.swift; path = MakeReqController.swift; sourceTree = "<group>"; };
		0A8A6B551F906E5A006BEA35 /* ProfileController.swift */ = {isa = PBXFileReference; fileEncoding = 4; lastKnownFileType = sourcecode.swift; path = ProfileController.swift; sourceTree = "<group>"; };
		0A8A6B561F906E5A006BEA35 /* MapController.swift */ = {isa = PBXFileReference; fileEncoding = 4; lastKnownFileType = sourcecode.swift; path = MapController.swift; sourceTree = "<group>"; };
		0A8A6B571F906E5A006BEA35 /* RequestsListController.swift */ = {isa = PBXFileReference; fileEncoding = 4; lastKnownFileType = sourcecode.swift; path = RequestsListController.swift; sourceTree = "<group>"; };
		56A0A17AE1319C99F74E91FC /* Pods-resQ.debug.xcconfig */ = {isa = PBXFileReference; includeInIndex = 1; lastKnownFileType = text.xcconfig; name = "Pods-resQ.debug.xcconfig"; path = "Pods/Target Support Files/Pods-resQ/Pods-resQ.debug.xcconfig"; sourceTree = "<group>"; };
		A51B9B33C24D49EA7BBAFBF7 /* Pods-resQ.release.xcconfig */ = {isa = PBXFileReference; includeInIndex = 1; lastKnownFileType = text.xcconfig; name = "Pods-resQ.release.xcconfig"; path = "Pods/Target Support Files/Pods-resQ/Pods-resQ.release.xcconfig"; sourceTree = "<group>"; };
		F3E40F4E82F90CDF375CF319 /* Pods_resQ.framework */ = {isa = PBXFileReference; explicitFileType = wrapper.framework; includeInIndex = 0; path = Pods_resQ.framework; sourceTree = BUILT_PRODUCTS_DIR; };
/* End PBXFileReference section */

/* Begin PBXFrameworksBuildPhase section */
		0A8A6B361F906B9F006BEA35 /* Frameworks */ = {
			isa = PBXFrameworksBuildPhase;
			buildActionMask = 2147483647;
			files = (
				7B5EECEB2489660CADB16240 /* Pods_resQ.framework in Frameworks */,
			);
			runOnlyForDeploymentPostprocessing = 0;
		};
/* End PBXFrameworksBuildPhase section */

/* Begin PBXGroup section */
		0A2D96FA1F91807F00CABA8E /* Cells */ = {
			isa = PBXGroup;
			children = (
				0A2D96FB1F9180A100CABA8E /* RequestListCell.swift */,
				0A2D96FD1F91818F00CABA8E /* RequestNotifCell.swift */,
				0A2D96FF1F9181B500CABA8E /* RequestHeaderCell.swift */,
			);
			path = Cells;
			sourceTree = "<group>";
		};
		0A2D97031F9190F400CABA8E /* Util */ = {
			isa = PBXGroup;
			children = (
				0A2D97041F91913300CABA8E /* PaddingTextField.swift */,
			);
			path = Util;
			sourceTree = "<group>";
		};
		0A8A6B301F906B9F006BEA35 = {
			isa = PBXGroup;
			children = (
				0A8A6B3B1F906B9F006BEA35 /* resQ */,
				0A8A6B3A1F906B9F006BEA35 /* Products */,
				5E5842FC346D004DBEC555CE /* Pods */,
				4C5B1BFB686FD78032297F01 /* Frameworks */,
			);
			sourceTree = "<group>";
		};
		0A8A6B3A1F906B9F006BEA35 /* Products */ = {
			isa = PBXGroup;
			children = (
				0A8A6B391F906B9F006BEA35 /* resQ.app */,
			);
			name = Products;
			sourceTree = "<group>";
		};
		0A8A6B3B1F906B9F006BEA35 /* resQ */ = {
			isa = PBXGroup;
			children = (
				0A2D97031F9190F400CABA8E /* Util */,
				0A8A6B521F906DFE006BEA35 /* Controller */,
				0A8A6B511F906DF7006BEA35 /* View */,
				0A8A6B501F906DF0006BEA35 /* Model */,
				0A8A6B451F906B9F006BEA35 /* Assets.xcassets */,
				0A8A6B471F906B9F006BEA35 /* LaunchScreen.storyboard */,
				0A8A6B421F906B9F006BEA35 /* Main.storyboard */,
				0A8A6B4A1F906B9F006BEA35 /* Info.plist */,
			);
			path = resQ;
			sourceTree = "<group>";
		};
		0A8A6B501F906DF0006BEA35 /* Model */ = {
			isa = PBXGroup;
			children = (
			);
			path = Model;
			sourceTree = "<group>";
		};
		0A8A6B511F906DF7006BEA35 /* View */ = {
			isa = PBXGroup;
			children = (
			);
			path = View;
			sourceTree = "<group>";
		};
		0A8A6B521F906DFE006BEA35 /* Controller */ = {
			isa = PBXGroup;
			children = (
				0A2D96FA1F91807F00CABA8E /* Cells */,
				0A8A6B531F906E59006BEA35 /* BaseController.swift */,
				0A8A6B541F906E5A006BEA35 /* MakeReqController.swift */,
				0A8A6B561F906E5A006BEA35 /* MapController.swift */,
				0A8A6B551F906E5A006BEA35 /* ProfileController.swift */,
				0A8A6B571F906E5A006BEA35 /* RequestsListController.swift */,
				0A8A6B3C1F906B9F006BEA35 /* AppDelegate.swift */,
				0A2D97011F91880600CABA8E /* NotifController.swift */,
			);
			path = Controller;
			sourceTree = "<group>";
		};
		4C5B1BFB686FD78032297F01 /* Frameworks */ = {
			isa = PBXGroup;
			children = (
				F3E40F4E82F90CDF375CF319 /* Pods_resQ.framework */,
			);
			name = Frameworks;
			sourceTree = "<group>";
		};
		5E5842FC346D004DBEC555CE /* Pods */ = {
			isa = PBXGroup;
			children = (
				56A0A17AE1319C99F74E91FC /* Pods-resQ.debug.xcconfig */,
				A51B9B33C24D49EA7BBAFBF7 /* Pods-resQ.release.xcconfig */,
			);
			name = Pods;
			sourceTree = "<group>";
		};
/* End PBXGroup section */

/* Begin PBXNativeTarget section */
		0A8A6B381F906B9F006BEA35 /* resQ */ = {
			isa = PBXNativeTarget;
			buildConfigurationList = 0A8A6B4D1F906B9F006BEA35 /* Build configuration list for PBXNativeTarget "resQ" */;
			buildPhases = (
				1A56F66D70DCE1D69199AF5E /* [CP] Check Pods Manifest.lock */,
				0A8A6B351F906B9F006BEA35 /* Sources */,
				0A8A6B361F906B9F006BEA35 /* Frameworks */,
				0A8A6B371F906B9F006BEA35 /* Resources */,
				4CC8F86D3D1E46CC9CC82D7A /* [CP] Embed Pods Frameworks */,
				CE360093831F08937409DCB9 /* [CP] Copy Pods Resources */,
			);
			buildRules = (
			);
			dependencies = (
			);
			name = resQ;
			productName = resQ;
			productReference = 0A8A6B391F906B9F006BEA35 /* resQ.app */;
			productType = "com.apple.product-type.application";
		};
/* End PBXNativeTarget section */

/* Begin PBXProject section */
		0A8A6B311F906B9F006BEA35 /* Project object */ = {
			isa = PBXProject;
			attributes = {
				LastSwiftUpdateCheck = 0900;
				LastUpgradeCheck = 0900;
				ORGANIZATIONNAME = sowmya.yellapragada;
				TargetAttributes = {
					0A8A6B381F906B9F006BEA35 = {
						CreatedOnToolsVersion = 9.0;
						ProvisioningStyle = Automatic;
					};
				};
			};
			buildConfigurationList = 0A8A6B341F906B9F006BEA35 /* Build configuration list for PBXProject "resQ" */;
			compatibilityVersion = "Xcode 8.0";
			developmentRegion = en;
			hasScannedForEncodings = 0;
			knownRegions = (
				en,
				Base,
			);
			mainGroup = 0A8A6B301F906B9F006BEA35;
			productRefGroup = 0A8A6B3A1F906B9F006BEA35 /* Products */;
			projectDirPath = "";
			projectRoot = "";
			targets = (
				0A8A6B381F906B9F006BEA35 /* resQ */,
			);
		};
/* End PBXProject section */

/* Begin PBXResourcesBuildPhase section */
		0A8A6B371F906B9F006BEA35 /* Resources */ = {
			isa = PBXResourcesBuildPhase;
			buildActionMask = 2147483647;
			files = (
				0A8A6B491F906B9F006BEA35 /* LaunchScreen.storyboard in Resources */,
				0A8A6B461F906B9F006BEA35 /* Assets.xcassets in Resources */,
				0A8A6B441F906B9F006BEA35 /* Main.storyboard in Resources */,
			);
			runOnlyForDeploymentPostprocessing = 0;
		};
/* End PBXResourcesBuildPhase section */

/* Begin PBXShellScriptBuildPhase section */
		1A56F66D70DCE1D69199AF5E /* [CP] Check Pods Manifest.lock */ = {
			isa = PBXShellScriptBuildPhase;
			buildActionMask = 2147483647;
			files = (
			);
			inputPaths = (
				"${PODS_PODFILE_DIR_PATH}/Podfile.lock",
				"${PODS_ROOT}/Manifest.lock",
			);
			name = "[CP] Check Pods Manifest.lock";
			outputPaths = (
				"$(DERIVED_FILE_DIR)/Pods-resQ-checkManifestLockResult.txt",
			);
			runOnlyForDeploymentPostprocessing = 0;
			shellPath = /bin/sh;
			shellScript = "diff \"${PODS_PODFILE_DIR_PATH}/Podfile.lock\" \"${PODS_ROOT}/Manifest.lock\" > /dev/null\nif [ $? != 0 ] ; then\n    # print error to STDERR\n    echo \"error: The sandbox is not in sync with the Podfile.lock. Run 'pod install' or update your CocoaPods installation.\" >&2\n    exit 1\nfi\n# This output is used by Xcode 'outputs' to avoid re-running this script phase.\necho \"SUCCESS\" > \"${SCRIPT_OUTPUT_FILE_0}\"\n";
			showEnvVarsInLog = 0;
		};
		4CC8F86D3D1E46CC9CC82D7A /* [CP] Embed Pods Frameworks */ = {
			isa = PBXShellScriptBuildPhase;
			buildActionMask = 2147483647;
			files = (
			);
			inputPaths = (
				"${SRCROOT}/Pods/Target Support Files/Pods-resQ/Pods-resQ-frameworks.sh",
				"${BUILT_PRODUCTS_DIR}/Alamofire/Alamofire.framework",
				"${BUILT_PRODUCTS_DIR}/AlamofireImage/AlamofireImage.framework",
			);
			name = "[CP] Embed Pods Frameworks";
			outputPaths = (
				"${TARGET_BUILD_DIR}/${FRAMEWORKS_FOLDER_PATH}/Alamofire.framework",
				"${TARGET_BUILD_DIR}/${FRAMEWORKS_FOLDER_PATH}/AlamofireImage.framework",
			);
			runOnlyForDeploymentPostprocessing = 0;
			shellPath = /bin/sh;
			shellScript = "\"${SRCROOT}/Pods/Target Support Files/Pods-resQ/Pods-resQ-frameworks.sh\"\n";
			showEnvVarsInLog = 0;
		};
		CE360093831F08937409DCB9 /* [CP] Copy Pods Resources */ = {
			isa = PBXShellScriptBuildPhase;
			buildActionMask = 2147483647;
			files = (
			);
			inputPaths = (
			);
			name = "[CP] Copy Pods Resources";
			outputPaths = (
			);
			runOnlyForDeploymentPostprocessing = 0;
			shellPath = /bin/sh;
			shellScript = "\"${SRCROOT}/Pods/Target Support Files/Pods-resQ/Pods-resQ-resources.sh\"\n";
			showEnvVarsInLog = 0;
		};
/* End PBXShellScriptBuildPhase section */

/* Begin PBXSourcesBuildPhase section */
		0A8A6B351F906B9F006BEA35 /* Sources */ = {
			isa = PBXSourcesBuildPhase;
			buildActionMask = 2147483647;
			files = (
				0A2D97021F91880600CABA8E /* NotifController.swift in Sources */,
				0A2D97051F91913300CABA8E /* PaddingTextField.swift in Sources */,
				0A8A6B581F906E5A006BEA35 /* BaseController.swift in Sources */,
				0A2D96FC1F9180A100CABA8E /* RequestListCell.swift in Sources */,
				0A2D96FE1F91818F00CABA8E /* RequestNotifCell.swift in Sources */,
				0A8A6B5C1F906E5A006BEA35 /* RequestsListController.swift in Sources */,
				0A8A6B3D1F906B9F006BEA35 /* AppDelegate.swift in Sources */,
				0A2D97001F9181B500CABA8E /* RequestHeaderCell.swift in Sources */,
				0A8A6B591F906E5A006BEA35 /* MakeReqController.swift in Sources */,
				0A8A6B5B1F906E5A006BEA35 /* MapController.swift in Sources */,
				0A8A6B5A1F906E5A006BEA35 /* ProfileController.swift in Sources */,
			);
			runOnlyForDeploymentPostprocessing = 0;
		};
/* End PBXSourcesBuildPhase section */

/* Begin PBXVariantGroup section */
		0A8A6B421F906B9F006BEA35 /* Main.storyboard */ = {
			isa = PBXVariantGroup;
			children = (
				0A8A6B431F906B9F006BEA35 /* Base */,
			);
			name = Main.storyboard;
			sourceTree = "<group>";
		};
		0A8A6B471F906B9F006BEA35 /* LaunchScreen.storyboard */ = {
			isa = PBXVariantGroup;
			children = (
				0A8A6B481F906B9F006BEA35 /* Base */,
			);
			name = LaunchScreen.storyboard;
			sourceTree = "<group>";
		};
/* End PBXVariantGroup section */

/* Begin XCBuildConfiguration section */
		0A8A6B4B1F906B9F006BEA35 /* Debug */ = {
			isa = XCBuildConfiguration;
			buildSettings = {
				ALWAYS_SEARCH_USER_PATHS = NO;
				CLANG_ANALYZER_NONNULL = YES;
				CLANG_ANALYZER_NUMBER_OBJECT_CONVERSION = YES_AGGRESSIVE;
				CLANG_CXX_LANGUAGE_STANDARD = "gnu++14";
				CLANG_CXX_LIBRARY = "libc++";
				CLANG_ENABLE_MODULES = YES;
				CLANG_ENABLE_OBJC_ARC = YES;
				CLANG_WARN_BLOCK_CAPTURE_AUTORELEASING = YES;
				CLANG_WARN_BOOL_CONVERSION = YES;
				CLANG_WARN_COMMA = YES;
				CLANG_WARN_CONSTANT_CONVERSION = YES;
				CLANG_WARN_DIRECT_OBJC_ISA_USAGE = YES_ERROR;
				CLANG_WARN_DOCUMENTATION_COMMENTS = YES;
				CLANG_WARN_EMPTY_BODY = YES;
				CLANG_WARN_ENUM_CONVERSION = YES;
				CLANG_WARN_INFINITE_RECURSION = YES;
				CLANG_WARN_INT_CONVERSION = YES;
				CLANG_WARN_NON_LITERAL_NULL_CONVERSION = YES;
				CLANG_WARN_OBJC_LITERAL_CONVERSION = YES;
				CLANG_WARN_OBJC_ROOT_CLASS = YES_ERROR;
				CLANG_WARN_RANGE_LOOP_ANALYSIS = YES;
				CLANG_WARN_STRICT_PROTOTYPES = YES;
				CLANG_WARN_SUSPICIOUS_MOVE = YES;
				CLANG_WARN_UNGUARDED_AVAILABILITY = YES_AGGRESSIVE;
				CLANG_WARN_UNREACHABLE_CODE = YES;
				CLANG_WARN__DUPLICATE_METHOD_MATCH = YES;
				CODE_SIGN_IDENTITY = "iPhone Developer";
				COPY_PHASE_STRIP = NO;
				DEBUG_INFORMATION_FORMAT = dwarf;
				ENABLE_STRICT_OBJC_MSGSEND = YES;
				ENABLE_TESTABILITY = YES;
				GCC_C_LANGUAGE_STANDARD = gnu11;
				GCC_DYNAMIC_NO_PIC = NO;
				GCC_NO_COMMON_BLOCKS = YES;
				GCC_OPTIMIZATION_LEVEL = 0;
				GCC_PREPROCESSOR_DEFINITIONS = (
					"DEBUG=1",
					"$(inherited)",
				);
				GCC_WARN_64_TO_32_BIT_CONVERSION = YES;
				GCC_WARN_ABOUT_RETURN_TYPE = YES_ERROR;
				GCC_WARN_UNDECLARED_SELECTOR = YES;
				GCC_WARN_UNINITIALIZED_AUTOS = YES_AGGRESSIVE;
				GCC_WARN_UNUSED_FUNCTION = YES;
				GCC_WARN_UNUSED_VARIABLE = YES;
				IPHONEOS_DEPLOYMENT_TARGET = 11.0;
				MTL_ENABLE_DEBUG_INFO = YES;
				ONLY_ACTIVE_ARCH = YES;
				SDKROOT = iphoneos;
				SWIFT_ACTIVE_COMPILATION_CONDITIONS = DEBUG;
				SWIFT_OPTIMIZATION_LEVEL = "-Onone";
			};
			name = Debug;
		};
		0A8A6B4C1F906B9F006BEA35 /* Release */ = {
			isa = XCBuildConfiguration;
			buildSettings = {
				ALWAYS_SEARCH_USER_PATHS = NO;
				CLANG_ANALYZER_NONNULL = YES;
				CLANG_ANALYZER_NUMBER_OBJECT_CONVERSION = YES_AGGRESSIVE;
				CLANG_CXX_LANGUAGE_STANDARD = "gnu++14";
				CLANG_CXX_LIBRARY = "libc++";
				CLANG_ENABLE_MODULES = YES;
				CLANG_ENABLE_OBJC_ARC = YES;
				CLANG_WARN_BLOCK_CAPTURE_AUTORELEASING = YES;
				CLANG_WARN_BOOL_CONVERSION = YES;
				CLANG_WARN_COMMA = YES;
				CLANG_WARN_CONSTANT_CONVERSION = YES;
				CLANG_WARN_DIRECT_OBJC_ISA_USAGE = YES_ERROR;
				CLANG_WARN_DOCUMENTATION_COMMENTS = YES;
				CLANG_WARN_EMPTY_BODY = YES;
				CLANG_WARN_ENUM_CONVERSION = YES;
				CLANG_WARN_INFINITE_RECURSION = YES;
				CLANG_WARN_INT_CONVERSION = YES;
				CLANG_WARN_NON_LITERAL_NULL_CONVERSION = YES;
				CLANG_WARN_OBJC_LITERAL_CONVERSION = YES;
				CLANG_WARN_OBJC_ROOT_CLASS = YES_ERROR;
				CLANG_WARN_RANGE_LOOP_ANALYSIS = YES;
				CLANG_WARN_STRICT_PROTOTYPES = YES;
				CLANG_WARN_SUSPICIOUS_MOVE = YES;
				CLANG_WARN_UNGUARDED_AVAILABILITY = YES_AGGRESSIVE;
				CLANG_WARN_UNREACHABLE_CODE = YES;
				CLANG_WARN__DUPLICATE_METHOD_MATCH = YES;
				CODE_SIGN_IDENTITY = "iPhone Developer";
				COPY_PHASE_STRIP = NO;
				DEBUG_INFORMATION_FORMAT = "dwarf-with-dsym";
				ENABLE_NS_ASSERTIONS = NO;
				ENABLE_STRICT_OBJC_MSGSEND = YES;
				GCC_C_LANGUAGE_STANDARD = gnu11;
				GCC_NO_COMMON_BLOCKS = YES;
				GCC_WARN_64_TO_32_BIT_CONVERSION = YES;
				GCC_WARN_ABOUT_RETURN_TYPE = YES_ERROR;
				GCC_WARN_UNDECLARED_SELECTOR = YES;
				GCC_WARN_UNINITIALIZED_AUTOS = YES_AGGRESSIVE;
				GCC_WARN_UNUSED_FUNCTION = YES;
				GCC_WARN_UNUSED_VARIABLE = YES;
				IPHONEOS_DEPLOYMENT_TARGET = 11.0;
				MTL_ENABLE_DEBUG_INFO = NO;
				SDKROOT = iphoneos;
				SWIFT_OPTIMIZATION_LEVEL = "-Owholemodule";
				VALIDATE_PRODUCT = YES;
			};
			name = Release;
		};
		0A8A6B4E1F906B9F006BEA35 /* Debug */ = {
			isa = XCBuildConfiguration;
			baseConfigurationReference = 56A0A17AE1319C99F74E91FC /* Pods-resQ.debug.xcconfig */;
			buildSettings = {
				ASSETCATALOG_COMPILER_APPICON_NAME = AppIcon;
				CODE_SIGN_STYLE = Automatic;
				DEVELOPMENT_TEAM = LE6T4M683E;
				INFOPLIST_FILE = resQ/Info.plist;
				IPHONEOS_DEPLOYMENT_TARGET = 9.0;
				LD_RUNPATH_SEARCH_PATHS = "$(inherited) @executable_path/Frameworks";
				PRODUCT_BUNDLE_IDENTIFIER = resQmas;
				PRODUCT_NAME = "$(TARGET_NAME)";
				SWIFT_VERSION = 4.0;
				TARGETED_DEVICE_FAMILY = "1,2";
			};
			name = Debug;
		};
		0A8A6B4F1F906B9F006BEA35 /* Release */ = {
			isa = XCBuildConfiguration;
			baseConfigurationReference = A51B9B33C24D49EA7BBAFBF7 /* Pods-resQ.release.xcconfig */;
			buildSettings = {
				ASSETCATALOG_COMPILER_APPICON_NAME = AppIcon;
				CODE_SIGN_STYLE = Automatic;
				DEVELOPMENT_TEAM = LE6T4M683E;
				INFOPLIST_FILE = resQ/Info.plist;
				IPHONEOS_DEPLOYMENT_TARGET = 9.0;
				LD_RUNPATH_SEARCH_PATHS = "$(inherited) @executable_path/Frameworks";
				PRODUCT_BUNDLE_IDENTIFIER = resQmas;
				PRODUCT_NAME = "$(TARGET_NAME)";
				SWIFT_VERSION = 4.0;
				TARGETED_DEVICE_FAMILY = "1,2";
			};
			name = Release;
		};
/* End XCBuildConfiguration section */

/* Begin XCConfigurationList section */
		0A8A6B341F906B9F006BEA35 /* Build configuration list for PBXProject "resQ" */ = {
			isa = XCConfigurationList;
			buildConfigurations = (
				0A8A6B4B1F906B9F006BEA35 /* Debug */,
				0A8A6B4C1F906B9F006BEA35 /* Release */,
			);
			defaultConfigurationIsVisible = 0;
			defaultConfigurationName = Release;
		};
		0A8A6B4D1F906B9F006BEA35 /* Build configuration list for PBXNativeTarget "resQ" */ = {
			isa = XCConfigurationList;
			buildConfigurations = (
				0A8A6B4E1F906B9F006BEA35 /* Debug */,
				0A8A6B4F1F906B9F006BEA35 /* Release */,
			);
			defaultConfigurationIsVisible = 0;
			defaultConfigurationName = Release;
		};
/* End XCConfigurationList section */
	};
	rootObject = 0A8A6B311F906B9F006BEA35 /* Project object */;
}
